// !$*UTF8*$!
{
	archiveVersion = 1;
	classes = {
	};
	objectVersion = 46;
	objects = {

/* Begin PBXBuildFile section */
		3DFC28070A1CBFA758B2E2F7 /* libPods.a in Frameworks */ = {isa = PBXBuildFile; fileRef = A67137C98DD9BBD8E876C267 /* libPods.a */; };
		604885311BDF273C008C8E7E /* main.m in Sources */ = {isa = PBXBuildFile; fileRef = 604885301BDF273C008C8E7E /* main.m */; };
		604885341BDF273C008C8E7E /* AppDelegate.m in Sources */ = {isa = PBXBuildFile; fileRef = 604885331BDF273C008C8E7E /* AppDelegate.m */; };
		604885371BDF273C008C8E7E /* ViewController.m in Sources */ = {isa = PBXBuildFile; fileRef = 604885361BDF273C008C8E7E /* ViewController.m */; };
		6048853A1BDF273C008C8E7E /* Main.storyboard in Resources */ = {isa = PBXBuildFile; fileRef = 604885381BDF273C008C8E7E /* Main.storyboard */; };
		6048853C1BDF273C008C8E7E /* Assets.xcassets in Resources */ = {isa = PBXBuildFile; fileRef = 6048853B1BDF273C008C8E7E /* Assets.xcassets */; };
		6048853F1BDF273C008C8E7E /* LaunchScreen.storyboard in Resources */ = {isa = PBXBuildFile; fileRef = 6048853D1BDF273C008C8E7E /* LaunchScreen.storyboard */; };
		6048854A1BDF273C008C8E7E /* ReactiveCocoaProjectTests.m in Sources */ = {isa = PBXBuildFile; fileRef = 604885491BDF273C008C8E7E /* ReactiveCocoaProjectTests.m */; };
		604885551BDF273C008C8E7E /* ReactiveCocoaProjectUITests.m in Sources */ = {isa = PBXBuildFile; fileRef = 604885541BDF273C008C8E7E /* ReactiveCocoaProjectUITests.m */; };
		608396111BEB0AEC00219F6E /* MRCLoadingTitleView.m in Sources */ = {isa = PBXBuildFile; fileRef = 6083960F1BEB0AEC00219F6E /* MRCLoadingTitleView.m */; };
		608396121BEB0AEC00219F6E /* MRCLoadingTitleView.xib in Resources */ = {isa = PBXBuildFile; fileRef = 608396101BEB0AEC00219F6E /* MRCLoadingTitleView.xib */; };
		6083961E1BEB0F1C00219F6E /* 1z.png in Resources */ = {isa = PBXBuildFile; fileRef = 608396141BEB0F1C00219F6E /* 1z.png */; };
		6083961F1BEB0F1C00219F6E /* 1zh.png in Resources */ = {isa = PBXBuildFile; fileRef = 608396151BEB0F1C00219F6E /* 1zh.png */; };
		608396201BEB0F1C00219F6E /* 2s.png in Resources */ = {isa = PBXBuildFile; fileRef = 608396161BEB0F1C00219F6E /* 2s.png */; };
		608396211BEB0F1C00219F6E /* 2sh.png in Resources */ = {isa = PBXBuildFile; fileRef = 608396171BEB0F1C00219F6E /* 2sh.png */; };
		608396221BEB0F1C00219F6E /* 3s.png in Resources */ = {isa = PBXBuildFile; fileRef = 608396181BEB0F1C00219F6E /* 3s.png */; };
		608396231BEB0F1C00219F6E /* 3sh.png in Resources */ = {isa = PBXBuildFile; fileRef = 608396191BEB0F1C00219F6E /* 3sh.png */; };
		608396241BEB0F1C00219F6E /* 4h.png in Resources */ = {isa = PBXBuildFile; fileRef = 6083961A1BEB0F1C00219F6E /* 4h.png */; };
		608396251BEB0F1C00219F6E /* 4hh.png in Resources */ = {isa = PBXBuildFile; fileRef = 6083961B1BEB0F1C00219F6E /* 4hh.png */; };
		608396261BEB0F1C00219F6E /* 5w.png in Resources */ = {isa = PBXBuildFile; fileRef = 6083961C1BEB0F1C00219F6E /* 5w.png */; };
		608396271BEB0F1C00219F6E /* 5wh.png in Resources */ = {isa = PBXBuildFile; fileRef = 6083961D1BEB0F1C00219F6E /* 5wh.png */; };
		6083962A1BEB0F9400219F6E /* UIImage+MRCOcticons.m in Sources */ = {isa = PBXBuildFile; fileRef = 608396291BEB0F9400219F6E /* UIImage+MRCOcticons.m */; };
		6083962D1BEB2A4F00219F6E /* MRCTableViewController.m in Sources */ = {isa = PBXBuildFile; fileRef = 6083962C1BEB2A4F00219F6E /* MRCTableViewController.m */; };
		608396311BEB2AFF00219F6E /* MRCTableViewCellStyleValue1.m in Sources */ = {isa = PBXBuildFile; fileRef = 608396301BEB2AFF00219F6E /* MRCTableViewCellStyleValue1.m */; };
		608396351BEB2D8F00219F6E /* NormalViewModel.m in Sources */ = {isa = PBXBuildFile; fileRef = 608396341BEB2D8F00219F6E /* NormalViewModel.m */; };
		608396391BEB824400219F6E /* 首页09gray.png in Resources */ = {isa = PBXBuildFile; fileRef = 608396361BEB824400219F6E /* 首页09gray.png */; };
		6083963A1BEB824400219F6E /* 首页09gray@2x.png in Resources */ = {isa = PBXBuildFile; fileRef = 608396371BEB824400219F6E /* 首页09gray@2x.png */; };
		6083963B1BEB824400219F6E /* 首页09gray@3x.png in Resources */ = {isa = PBXBuildFile; fileRef = 608396381BEB824400219F6E /* 首页09gray@3x.png */; };
		608396421BEB832400219F6E /* 搜索09gray.png in Resources */ = {isa = PBXBuildFile; fileRef = 6083963C1BEB832400219F6E /* 搜索09gray.png */; };
		608396431BEB832400219F6E /* 搜索09gray@2x.png in Resources */ = {isa = PBXBuildFile; fileRef = 6083963D1BEB832400219F6E /* 搜索09gray@2x.png */; };
		608396441BEB832400219F6E /* 搜索09gray@3x.png in Resources */ = {isa = PBXBuildFile; fileRef = 6083963E1BEB832400219F6E /* 搜索09gray@3x.png */; };
		608396451BEB832400219F6E /* 我的09gray.png in Resources */ = {isa = PBXBuildFile; fileRef = 6083963F1BEB832400219F6E /* 我的09gray.png */; };
		608396461BEB832400219F6E /* 我的09gray@2x.png in Resources */ = {isa = PBXBuildFile; fileRef = 608396401BEB832400219F6E /* 我的09gray@2x.png */; };
		608396471BEB832400219F6E /* 我的09gray@3x.png in Resources */ = {isa = PBXBuildFile; fileRef = 608396411BEB832400219F6E /* 我的09gray@3x.png */; };
		60A5D1111BE74B180051A1EB /* MRCNavigationController.m in Sources */ = {isa = PBXBuildFile; fileRef = 60A5D1101BE74B180051A1EB /* MRCNavigationController.m */; };
		60A5D1141BE74BBF0051A1EB /* MRCViewController.m in Sources */ = {isa = PBXBuildFile; fileRef = 60A5D1131BE74BBF0051A1EB /* MRCViewController.m */; };
		60A5D1181BE74C9C0051A1EB /* MRCViewModel.m in Sources */ = {isa = PBXBuildFile; fileRef = 60A5D1171BE74C9C0051A1EB /* MRCViewModel.m */; };
		60A5D11B1BE751360051A1EB /* MRCTabBarController.m in Sources */ = {isa = PBXBuildFile; fileRef = 60A5D11A1BE751360051A1EB /* MRCTabBarController.m */; };
		60A5D11E1BE756340051A1EB /* MRCTabBarViewModel.m in Sources */ = {isa = PBXBuildFile; fileRef = 60A5D11D1BE756340051A1EB /* MRCTabBarViewModel.m */; };
		60A5D1211BE756630051A1EB /* MRCHomepageViewModel.m in Sources */ = {isa = PBXBuildFile; fileRef = 60A5D1201BE756630051A1EB /* MRCHomepageViewModel.m */; };
		60A5D1241BE757CF0051A1EB /* MRCTableViewModel.m in Sources */ = {isa = PBXBuildFile; fileRef = 60A5D1231BE757CF0051A1EB /* MRCTableViewModel.m */; };
		60A5D1321BE77DE50051A1EB /* HomeViewModel.m in Sources */ = {isa = PBXBuildFile; fileRef = 60A5D1311BE77DE50051A1EB /* HomeViewModel.m */; };
		60A5D1591BE896B40051A1EB /* APPClient.m in Sources */ = {isa = PBXBuildFile; fileRef = 60A5D1581BE896B40051A1EB /* APPClient.m */; };
		60A5D15D1BE8E1F90051A1EB /* NewsModel.m in Sources */ = {isa = PBXBuildFile; fileRef = 60A5D15C1BE8E1F90051A1EB /* NewsModel.m */; };
		60A5D1601BE8E2480051A1EB /* NewsSubListModel.m in Sources */ = {isa = PBXBuildFile; fileRef = 60A5D15F1BE8E2480051A1EB /* NewsSubListModel.m */; };
		60A5D1631BE8E5440051A1EB /* ModelObject.m in Sources */ = {isa = PBXBuildFile; fileRef = 60A5D1621BE8E5440051A1EB /* ModelObject.m */; };
		60A5D1661BE9BC750051A1EB /* APPManager.m in Sources */ = {isa = PBXBuildFile; fileRef = 60A5D1651BE9BC750051A1EB /* APPManager.m */; };
		60A5D1791BEAF4150051A1EB /* NewsViewController.m in Sources */ = {isa = PBXBuildFile; fileRef = 60A5D1781BEAF4150051A1EB /* NewsViewController.m */; };
		60A5D17C1BEAF4300051A1EB /* CategoryViewController.m in Sources */ = {isa = PBXBuildFile; fileRef = 60A5D17B1BEAF4300051A1EB /* CategoryViewController.m */; };
		60A5D17F1BEAF4430051A1EB /* UserCenterViewController.m in Sources */ = {isa = PBXBuildFile; fileRef = 60A5D17E1BEAF4430051A1EB /* UserCenterViewController.m */; };
		60A5D1821BEAF4C50051A1EB /* HomeViewController.m in Sources */ = {isa = PBXBuildFile; fileRef = 60A5D1811BEAF4C50051A1EB /* HomeViewController.m */; };
/* End PBXBuildFile section */

/* Begin PBXContainerItemProxy section */
		604885461BDF273C008C8E7E /* PBXContainerItemProxy */ = {
			isa = PBXContainerItemProxy;
			containerPortal = 604885241BDF273B008C8E7E /* Project object */;
			proxyType = 1;
			remoteGlobalIDString = 6048852B1BDF273B008C8E7E;
			remoteInfo = ReactiveCocoaProject;
		};
		604885511BDF273C008C8E7E /* PBXContainerItemProxy */ = {
			isa = PBXContainerItemProxy;
			containerPortal = 604885241BDF273B008C8E7E /* Project object */;
			proxyType = 1;
			remoteGlobalIDString = 6048852B1BDF273B008C8E7E;
			remoteInfo = ReactiveCocoaProject;
		};
/* End PBXContainerItemProxy section */

/* Begin PBXFileReference section */
		56CB6A1E772E95C87207B9AD /* Pods.debug.xcconfig */ = {isa = PBXFileReference; includeInIndex = 1; lastKnownFileType = text.xcconfig; name = Pods.debug.xcconfig; path = "Pods/Target Support Files/Pods/Pods.debug.xcconfig"; sourceTree = "<group>"; };
		6048852C1BDF273B008C8E7E /* ReactiveCocoaProject.app */ = {isa = PBXFileReference; explicitFileType = wrapper.application; includeInIndex = 0; path = ReactiveCocoaProject.app; sourceTree = BUILT_PRODUCTS_DIR; };
		604885301BDF273C008C8E7E /* main.m */ = {isa = PBXFileReference; lastKnownFileType = sourcecode.c.objc; path = main.m; sourceTree = "<group>"; };
		604885321BDF273C008C8E7E /* AppDelegate.h */ = {isa = PBXFileReference; lastKnownFileType = sourcecode.c.h; path = AppDelegate.h; sourceTree = "<group>"; };
		604885331BDF273C008C8E7E /* AppDelegate.m */ = {isa = PBXFileReference; lastKnownFileType = sourcecode.c.objc; path = AppDelegate.m; sourceTree = "<group>"; };
		604885351BDF273C008C8E7E /* ViewController.h */ = {isa = PBXFileReference; lastKnownFileType = sourcecode.c.h; path = ViewController.h; sourceTree = "<group>"; };
		604885361BDF273C008C8E7E /* ViewController.m */ = {isa = PBXFileReference; lastKnownFileType = sourcecode.c.objc; path = ViewController.m; sourceTree = "<group>"; };
		604885391BDF273C008C8E7E /* Base */ = {isa = PBXFileReference; lastKnownFileType = file.storyboard; name = Base; path = Base.lproj/Main.storyboard; sourceTree = "<group>"; };
		6048853B1BDF273C008C8E7E /* Assets.xcassets */ = {isa = PBXFileReference; lastKnownFileType = folder.assetcatalog; path = Assets.xcassets; sourceTree = "<group>"; };
		6048853E1BDF273C008C8E7E /* Base */ = {isa = PBXFileReference; lastKnownFileType = file.storyboard; name = Base; path = Base.lproj/LaunchScreen.storyboard; sourceTree = "<group>"; };
		604885401BDF273C008C8E7E /* Info.plist */ = {isa = PBXFileReference; lastKnownFileType = text.plist.xml; path = Info.plist; sourceTree = "<group>"; };
		604885451BDF273C008C8E7E /* ReactiveCocoaProjectTests.xctest */ = {isa = PBXFileReference; explicitFileType = wrapper.cfbundle; includeInIndex = 0; path = ReactiveCocoaProjectTests.xctest; sourceTree = BUILT_PRODUCTS_DIR; };
		604885491BDF273C008C8E7E /* ReactiveCocoaProjectTests.m */ = {isa = PBXFileReference; lastKnownFileType = sourcecode.c.objc; path = ReactiveCocoaProjectTests.m; sourceTree = "<group>"; };
		6048854B1BDF273C008C8E7E /* Info.plist */ = {isa = PBXFileReference; lastKnownFileType = text.plist.xml; path = Info.plist; sourceTree = "<group>"; };
		604885501BDF273C008C8E7E /* ReactiveCocoaProjectUITests.xctest */ = {isa = PBXFileReference; explicitFileType = wrapper.cfbundle; includeInIndex = 0; path = ReactiveCocoaProjectUITests.xctest; sourceTree = BUILT_PRODUCTS_DIR; };
		604885541BDF273C008C8E7E /* ReactiveCocoaProjectUITests.m */ = {isa = PBXFileReference; lastKnownFileType = sourcecode.c.objc; path = ReactiveCocoaProjectUITests.m; sourceTree = "<group>"; };
		604885561BDF273C008C8E7E /* Info.plist */ = {isa = PBXFileReference; lastKnownFileType = text.plist.xml; path = Info.plist; sourceTree = "<group>"; };
		6083960E1BEB0AEC00219F6E /* MRCLoadingTitleView.h */ = {isa = PBXFileReference; fileEncoding = 4; lastKnownFileType = sourcecode.c.h; path = MRCLoadingTitleView.h; sourceTree = "<group>"; };
		6083960F1BEB0AEC00219F6E /* MRCLoadingTitleView.m */ = {isa = PBXFileReference; fileEncoding = 4; lastKnownFileType = sourcecode.c.objc; path = MRCLoadingTitleView.m; sourceTree = "<group>"; };
		608396101BEB0AEC00219F6E /* MRCLoadingTitleView.xib */ = {isa = PBXFileReference; fileEncoding = 4; lastKnownFileType = file.xib; path = MRCLoadingTitleView.xib; sourceTree = "<group>"; };
		608396141BEB0F1C00219F6E /* 1z.png */ = {isa = PBXFileReference; lastKnownFileType = image.png; path = 1z.png; sourceTree = "<group>"; };
		608396151BEB0F1C00219F6E /* 1zh.png */ = {isa = PBXFileReference; lastKnownFileType = image.png; path = 1zh.png; sourceTree = "<group>"; };
		608396161BEB0F1C00219F6E /* 2s.png */ = {isa = PBXFileReference; lastKnownFileType = image.png; path = 2s.png; sourceTree = "<group>"; };
		608396171BEB0F1C00219F6E /* 2sh.png */ = {isa = PBXFileReference; lastKnownFileType = image.png; path = 2sh.png; sourceTree = "<group>"; };
		608396181BEB0F1C00219F6E /* 3s.png */ = {isa = PBXFileReference; lastKnownFileType = image.png; path = 3s.png; sourceTree = "<group>"; };
		608396191BEB0F1C00219F6E /* 3sh.png */ = {isa = PBXFileReference; lastKnownFileType = image.png; path = 3sh.png; sourceTree = "<group>"; };
		6083961A1BEB0F1C00219F6E /* 4h.png */ = {isa = PBXFileReference; lastKnownFileType = image.png; path = 4h.png; sourceTree = "<group>"; };
		6083961B1BEB0F1C00219F6E /* 4hh.png */ = {isa = PBXFileReference; lastKnownFileType = image.png; path = 4hh.png; sourceTree = "<group>"; };
		6083961C1BEB0F1C00219F6E /* 5w.png */ = {isa = PBXFileReference; lastKnownFileType = image.png; path = 5w.png; sourceTree = "<group>"; };
		6083961D1BEB0F1C00219F6E /* 5wh.png */ = {isa = PBXFileReference; lastKnownFileType = image.png; path = 5wh.png; sourceTree = "<group>"; };
		608396281BEB0F9400219F6E /* UIImage+MRCOcticons.h */ = {isa = PBXFileReference; fileEncoding = 4; lastKnownFileType = sourcecode.c.h; path = "UIImage+MRCOcticons.h"; sourceTree = "<group>"; };
		608396291BEB0F9400219F6E /* UIImage+MRCOcticons.m */ = {isa = PBXFileReference; fileEncoding = 4; lastKnownFileType = sourcecode.c.objc; path = "UIImage+MRCOcticons.m"; sourceTree = "<group>"; };
		6083962B1BEB2A4F00219F6E /* MRCTableViewController.h */ = {isa = PBXFileReference; fileEncoding = 4; lastKnownFileType = sourcecode.c.h; path = MRCTableViewController.h; sourceTree = "<group>"; };
		6083962C1BEB2A4F00219F6E /* MRCTableViewController.m */ = {isa = PBXFileReference; fileEncoding = 4; lastKnownFileType = sourcecode.c.objc; path = MRCTableViewController.m; sourceTree = "<group>"; };
		6083962F1BEB2AFF00219F6E /* MRCTableViewCellStyleValue1.h */ = {isa = PBXFileReference; fileEncoding = 4; lastKnownFileType = sourcecode.c.h; path = MRCTableViewCellStyleValue1.h; sourceTree = "<group>"; };
		608396301BEB2AFF00219F6E /* MRCTableViewCellStyleValue1.m */ = {isa = PBXFileReference; fileEncoding = 4; lastKnownFileType = sourcecode.c.objc; path = MRCTableViewCellStyleValue1.m; sourceTree = "<group>"; };
		608396331BEB2D8F00219F6E /* NormalViewModel.h */ = {isa = PBXFileReference; fileEncoding = 4; lastKnownFileType = sourcecode.c.h; path = NormalViewModel.h; sourceTree = "<group>"; };
		608396341BEB2D8F00219F6E /* NormalViewModel.m */ = {isa = PBXFileReference; fileEncoding = 4; lastKnownFileType = sourcecode.c.objc; path = NormalViewModel.m; sourceTree = "<group>"; };
		608396361BEB824400219F6E /* 首页09gray.png */ = {isa = PBXFileReference; lastKnownFileType = image.png; path = "首页09gray.png"; sourceTree = "<group>"; };
		608396371BEB824400219F6E /* 首页09gray@2x.png */ = {isa = PBXFileReference; lastKnownFileType = image.png; path = "首页09gray@2x.png"; sourceTree = "<group>"; };
		608396381BEB824400219F6E /* 首页09gray@3x.png */ = {isa = PBXFileReference; lastKnownFileType = image.png; path = "首页09gray@3x.png"; sourceTree = "<group>"; };
		6083963C1BEB832400219F6E /* 搜索09gray.png */ = {isa = PBXFileReference; lastKnownFileType = image.png; path = "搜索09gray.png"; sourceTree = "<group>"; };
		6083963D1BEB832400219F6E /* 搜索09gray@2x.png */ = {isa = PBXFileReference; lastKnownFileType = image.png; path = "搜索09gray@2x.png"; sourceTree = "<group>"; };
		6083963E1BEB832400219F6E /* 搜索09gray@3x.png */ = {isa = PBXFileReference; lastKnownFileType = image.png; path = "搜索09gray@3x.png"; sourceTree = "<group>"; };
		6083963F1BEB832400219F6E /* 我的09gray.png */ = {isa = PBXFileReference; lastKnownFileType = image.png; path = "我的09gray.png"; sourceTree = "<group>"; };
		608396401BEB832400219F6E /* 我的09gray@2x.png */ = {isa = PBXFileReference; lastKnownFileType = image.png; path = "我的09gray@2x.png"; sourceTree = "<group>"; };
		608396411BEB832400219F6E /* 我的09gray@3x.png */ = {isa = PBXFileReference; lastKnownFileType = image.png; path = "我的09gray@3x.png"; sourceTree = "<group>"; };
		60A5D0F31BE6FFA30051A1EB /* RecctiveCocoaProjectPrefixHeader.pch */ = {isa = PBXFileReference; lastKnownFileType = sourcecode.c.h; path = RecctiveCocoaProjectPrefixHeader.pch; sourceTree = "<group>"; };
		60A5D0F51BE706B90051A1EB /* CJRConstant.h */ = {isa = PBXFileReference; lastKnownFileType = sourcecode.c.h; path = CJRConstant.h; sourceTree = "<group>"; };
		60A5D1071BE739C40051A1EB /* MRCViewProtocol.h */ = {isa = PBXFileReference; fileEncoding = 4; lastKnownFileType = sourcecode.c.h; path = MRCViewProtocol.h; sourceTree = "<group>"; };
		60A5D10C1BE73D3D0051A1EB /* MRCViewModelProtocol.h */ = {isa = PBXFileReference; fileEncoding = 4; lastKnownFileType = sourcecode.c.h; path = MRCViewModelProtocol.h; sourceTree = "<group>"; };
		60A5D10F1BE74B180051A1EB /* MRCNavigationController.h */ = {isa = PBXFileReference; fileEncoding = 4; lastKnownFileType = sourcecode.c.h; path = MRCNavigationController.h; sourceTree = "<group>"; };
		60A5D1101BE74B180051A1EB /* MRCNavigationController.m */ = {isa = PBXFileReference; fileEncoding = 4; lastKnownFileType = sourcecode.c.objc; path = MRCNavigationController.m; sourceTree = "<group>"; };
		60A5D1121BE74BBF0051A1EB /* MRCViewController.h */ = {isa = PBXFileReference; fileEncoding = 4; lastKnownFileType = sourcecode.c.h; path = MRCViewController.h; sourceTree = "<group>"; };
		60A5D1131BE74BBF0051A1EB /* MRCViewController.m */ = {isa = PBXFileReference; fileEncoding = 4; lastKnownFileType = sourcecode.c.objc; path = MRCViewController.m; sourceTree = "<group>"; };
		60A5D1161BE74C9C0051A1EB /* MRCViewModel.h */ = {isa = PBXFileReference; fileEncoding = 4; lastKnownFileType = sourcecode.c.h; path = MRCViewModel.h; sourceTree = "<group>"; };
		60A5D1171BE74C9C0051A1EB /* MRCViewModel.m */ = {isa = PBXFileReference; fileEncoding = 4; lastKnownFileType = sourcecode.c.objc; path = MRCViewModel.m; sourceTree = "<group>"; };
		60A5D1191BE751360051A1EB /* MRCTabBarController.h */ = {isa = PBXFileReference; fileEncoding = 4; lastKnownFileType = sourcecode.c.h; path = MRCTabBarController.h; sourceTree = "<group>"; };
		60A5D11A1BE751360051A1EB /* MRCTabBarController.m */ = {isa = PBXFileReference; fileEncoding = 4; lastKnownFileType = sourcecode.c.objc; path = MRCTabBarController.m; sourceTree = "<group>"; };
		60A5D11C1BE756340051A1EB /* MRCTabBarViewModel.h */ = {isa = PBXFileReference; fileEncoding = 4; lastKnownFileType = sourcecode.c.h; path = MRCTabBarViewModel.h; sourceTree = "<group>"; };
		60A5D11D1BE756340051A1EB /* MRCTabBarViewModel.m */ = {isa = PBXFileReference; fileEncoding = 4; lastKnownFileType = sourcecode.c.objc; path = MRCTabBarViewModel.m; sourceTree = "<group>"; };
		60A5D11F1BE756630051A1EB /* MRCHomepageViewModel.h */ = {isa = PBXFileReference; fileEncoding = 4; lastKnownFileType = sourcecode.c.h; path = MRCHomepageViewModel.h; sourceTree = "<group>"; };
		60A5D1201BE756630051A1EB /* MRCHomepageViewModel.m */ = {isa = PBXFileReference; fileEncoding = 4; lastKnownFileType = sourcecode.c.objc; path = MRCHomepageViewModel.m; sourceTree = "<group>"; };
		60A5D1221BE757CF0051A1EB /* MRCTableViewModel.h */ = {isa = PBXFileReference; fileEncoding = 4; lastKnownFileType = sourcecode.c.h; path = MRCTableViewModel.h; sourceTree = "<group>"; };
		60A5D1231BE757CF0051A1EB /* MRCTableViewModel.m */ = {isa = PBXFileReference; fileEncoding = 4; lastKnownFileType = sourcecode.c.objc; path = MRCTableViewModel.m; sourceTree = "<group>"; };
		60A5D1301BE77DE50051A1EB /* HomeViewModel.h */ = {isa = PBXFileReference; fileEncoding = 4; lastKnownFileType = sourcecode.c.h; path = HomeViewModel.h; sourceTree = "<group>"; };
		60A5D1311BE77DE50051A1EB /* HomeViewModel.m */ = {isa = PBXFileReference; fileEncoding = 4; lastKnownFileType = sourcecode.c.objc; path = HomeViewModel.m; sourceTree = "<group>"; };
		60A5D1571BE896B40051A1EB /* APPClient.h */ = {isa = PBXFileReference; fileEncoding = 4; lastKnownFileType = sourcecode.c.h; path = APPClient.h; sourceTree = "<group>"; };
		60A5D1581BE896B40051A1EB /* APPClient.m */ = {isa = PBXFileReference; fileEncoding = 4; lastKnownFileType = sourcecode.c.objc; path = APPClient.m; sourceTree = "<group>"; };
		60A5D15A1BE8A1EE0051A1EB /* ConnectInterface.h */ = {isa = PBXFileReference; lastKnownFileType = sourcecode.c.h; path = ConnectInterface.h; sourceTree = "<group>"; };
		60A5D15B1BE8E1F90051A1EB /* NewsModel.h */ = {isa = PBXFileReference; fileEncoding = 4; lastKnownFileType = sourcecode.c.h; path = NewsModel.h; sourceTree = "<group>"; };
		60A5D15C1BE8E1F90051A1EB /* NewsModel.m */ = {isa = PBXFileReference; fileEncoding = 4; lastKnownFileType = sourcecode.c.objc; path = NewsModel.m; sourceTree = "<group>"; };
		60A5D15E1BE8E2480051A1EB /* NewsSubListModel.h */ = {isa = PBXFileReference; fileEncoding = 4; lastKnownFileType = sourcecode.c.h; path = NewsSubListModel.h; sourceTree = "<group>"; };
		60A5D15F1BE8E2480051A1EB /* NewsSubListModel.m */ = {isa = PBXFileReference; fileEncoding = 4; lastKnownFileType = sourcecode.c.objc; path = NewsSubListModel.m; sourceTree = "<group>"; };
		60A5D1611BE8E5440051A1EB /* ModelObject.h */ = {isa = PBXFileReference; fileEncoding = 4; lastKnownFileType = sourcecode.c.h; path = ModelObject.h; sourceTree = "<group>"; };
		60A5D1621BE8E5440051A1EB /* ModelObject.m */ = {isa = PBXFileReference; fileEncoding = 4; lastKnownFileType = sourcecode.c.objc; path = ModelObject.m; sourceTree = "<group>"; };
		60A5D1641BE9BC750051A1EB /* APPManager.h */ = {isa = PBXFileReference; fileEncoding = 4; lastKnownFileType = sourcecode.c.h; path = APPManager.h; sourceTree = "<group>"; };
		60A5D1651BE9BC750051A1EB /* APPManager.m */ = {isa = PBXFileReference; fileEncoding = 4; lastKnownFileType = sourcecode.c.objc; path = APPManager.m; sourceTree = "<group>"; };
		60A5D1771BEAF4150051A1EB /* NewsViewController.h */ = {isa = PBXFileReference; fileEncoding = 4; lastKnownFileType = sourcecode.c.h; path = NewsViewController.h; sourceTree = "<group>"; };
		60A5D1781BEAF4150051A1EB /* NewsViewController.m */ = {isa = PBXFileReference; fileEncoding = 4; lastKnownFileType = sourcecode.c.objc; path = NewsViewController.m; sourceTree = "<group>"; };
		60A5D17A1BEAF4300051A1EB /* CategoryViewController.h */ = {isa = PBXFileReference; fileEncoding = 4; lastKnownFileType = sourcecode.c.h; path = CategoryViewController.h; sourceTree = "<group>"; };
		60A5D17B1BEAF4300051A1EB /* CategoryViewController.m */ = {isa = PBXFileReference; fileEncoding = 4; lastKnownFileType = sourcecode.c.objc; path = CategoryViewController.m; sourceTree = "<group>"; };
		60A5D17D1BEAF4430051A1EB /* UserCenterViewController.h */ = {isa = PBXFileReference; fileEncoding = 4; lastKnownFileType = sourcecode.c.h; path = UserCenterViewController.h; sourceTree = "<group>"; };
		60A5D17E1BEAF4430051A1EB /* UserCenterViewController.m */ = {isa = PBXFileReference; fileEncoding = 4; lastKnownFileType = sourcecode.c.objc; path = UserCenterViewController.m; sourceTree = "<group>"; };
		60A5D1801BEAF4C50051A1EB /* HomeViewController.h */ = {isa = PBXFileReference; fileEncoding = 4; lastKnownFileType = sourcecode.c.h; path = HomeViewController.h; sourceTree = "<group>"; };
		60A5D1811BEAF4C50051A1EB /* HomeViewController.m */ = {isa = PBXFileReference; fileEncoding = 4; lastKnownFileType = sourcecode.c.objc; path = HomeViewController.m; sourceTree = "<group>"; };
		8A059895FCC4B3A634353EA8 /* Pods.release.xcconfig */ = {isa = PBXFileReference; includeInIndex = 1; lastKnownFileType = text.xcconfig; name = Pods.release.xcconfig; path = "Pods/Target Support Files/Pods/Pods.release.xcconfig"; sourceTree = "<group>"; };
		A67137C98DD9BBD8E876C267 /* libPods.a */ = {isa = PBXFileReference; explicitFileType = archive.ar; includeInIndex = 0; path = libPods.a; sourceTree = BUILT_PRODUCTS_DIR; };
/* End PBXFileReference section */

/* Begin PBXFrameworksBuildPhase section */
		604885291BDF273B008C8E7E /* Frameworks */ = {
			isa = PBXFrameworksBuildPhase;
			buildActionMask = 2147483647;
			files = (
				3DFC28070A1CBFA758B2E2F7 /* libPods.a in Frameworks */,
			);
			runOnlyForDeploymentPostprocessing = 0;
		};
		604885421BDF273C008C8E7E /* Frameworks */ = {
			isa = PBXFrameworksBuildPhase;
			buildActionMask = 2147483647;
			files = (
			);
			runOnlyForDeploymentPostprocessing = 0;
		};
		6048854D1BDF273C008C8E7E /* Frameworks */ = {
			isa = PBXFrameworksBuildPhase;
			buildActionMask = 2147483647;
			files = (
			);
			runOnlyForDeploymentPostprocessing = 0;
		};
/* End PBXFrameworksBuildPhase section */

/* Begin PBXGroup section */
		545208DD14D444C2CA6FA5E7 /* Pods */ = {
			isa = PBXGroup;
			children = (
				56CB6A1E772E95C87207B9AD /* Pods.debug.xcconfig */,
				8A059895FCC4B3A634353EA8 /* Pods.release.xcconfig */,
			);
			name = Pods;
			sourceTree = "<group>";
		};
		5752F7EB03E9A66BB5F99FB4 /* Frameworks */ = {
			isa = PBXGroup;
			children = (
				A67137C98DD9BBD8E876C267 /* libPods.a */,
			);
			name = Frameworks;
			sourceTree = "<group>";
		};
		604885231BDF273B008C8E7E = {
			isa = PBXGroup;
			children = (
				6048852E1BDF273B008C8E7E /* ReactiveCocoaProject */,
				604885481BDF273C008C8E7E /* ReactiveCocoaProjectTests */,
				604885531BDF273C008C8E7E /* ReactiveCocoaProjectUITests */,
				6048852D1BDF273B008C8E7E /* Products */,
				545208DD14D444C2CA6FA5E7 /* Pods */,
				5752F7EB03E9A66BB5F99FB4 /* Frameworks */,
			);
			sourceTree = "<group>";
		};
		6048852D1BDF273B008C8E7E /* Products */ = {
			isa = PBXGroup;
			children = (
				6048852C1BDF273B008C8E7E /* ReactiveCocoaProject.app */,
				604885451BDF273C008C8E7E /* ReactiveCocoaProjectTests.xctest */,
				604885501BDF273C008C8E7E /* ReactiveCocoaProjectUITests.xctest */,
			);
			name = Products;
			sourceTree = "<group>";
		};
		6048852E1BDF273B008C8E7E /* ReactiveCocoaProject */ = {
			isa = PBXGroup;
			children = (
				608396131BEB0F1200219F6E /* Image */,
				60A5D13D1BE793620051A1EB /* APPClient */,
				60A5D10D1BE74AF20051A1EB /* View */,
				60A5D0F81BE70D2F0051A1EB /* Model */,
				60A5D0F61BE70D160051A1EB /* ViewModel */,
				60A5D0F41BE706860051A1EB /* Util */,
				604885321BDF273C008C8E7E /* AppDelegate.h */,
				604885331BDF273C008C8E7E /* AppDelegate.m */,
				604885351BDF273C008C8E7E /* ViewController.h */,
				604885361BDF273C008C8E7E /* ViewController.m */,
				604885381BDF273C008C8E7E /* Main.storyboard */,
				6048853B1BDF273C008C8E7E /* Assets.xcassets */,
				6048853D1BDF273C008C8E7E /* LaunchScreen.storyboard */,
				604885401BDF273C008C8E7E /* Info.plist */,
				6048852F1BDF273C008C8E7E /* Supporting Files */,
			);
			path = ReactiveCocoaProject;
			sourceTree = "<group>";
		};
		6048852F1BDF273C008C8E7E /* Supporting Files */ = {
			isa = PBXGroup;
			children = (
				604885301BDF273C008C8E7E /* main.m */,
				60A5D0F31BE6FFA30051A1EB /* RecctiveCocoaProjectPrefixHeader.pch */,
			);
			name = "Supporting Files";
			sourceTree = "<group>";
		};
		604885481BDF273C008C8E7E /* ReactiveCocoaProjectTests */ = {
			isa = PBXGroup;
			children = (
				604885491BDF273C008C8E7E /* ReactiveCocoaProjectTests.m */,
				6048854B1BDF273C008C8E7E /* Info.plist */,
			);
			path = ReactiveCocoaProjectTests;
			sourceTree = "<group>";
		};
		604885531BDF273C008C8E7E /* ReactiveCocoaProjectUITests */ = {
			isa = PBXGroup;
			children = (
				604885541BDF273C008C8E7E /* ReactiveCocoaProjectUITests.m */,
				604885561BDF273C008C8E7E /* Info.plist */,
			);
			path = ReactiveCocoaProjectUITests;
			sourceTree = "<group>";
		};
		6083960A1BEB0AC300219F6E /* TitleView */ = {
			isa = PBXGroup;
			children = (
				6083960E1BEB0AEC00219F6E /* MRCLoadingTitleView.h */,
				6083960F1BEB0AEC00219F6E /* MRCLoadingTitleView.m */,
				608396101BEB0AEC00219F6E /* MRCLoadingTitleView.xib */,
			);
			name = TitleView;
			sourceTree = "<group>";
		};
		608396131BEB0F1200219F6E /* Image */ = {
			isa = PBXGroup;
			children = (
				6083963C1BEB832400219F6E /* 搜索09gray.png */,
				6083963D1BEB832400219F6E /* 搜索09gray@2x.png */,
				6083963E1BEB832400219F6E /* 搜索09gray@3x.png */,
				6083963F1BEB832400219F6E /* 我的09gray.png */,
				608396401BEB832400219F6E /* 我的09gray@2x.png */,
				608396411BEB832400219F6E /* 我的09gray@3x.png */,
				608396361BEB824400219F6E /* 首页09gray.png */,
				608396371BEB824400219F6E /* 首页09gray@2x.png */,
				608396381BEB824400219F6E /* 首页09gray@3x.png */,
				608396141BEB0F1C00219F6E /* 1z.png */,
				608396151BEB0F1C00219F6E /* 1zh.png */,
				608396161BEB0F1C00219F6E /* 2s.png */,
				608396171BEB0F1C00219F6E /* 2sh.png */,
				608396181BEB0F1C00219F6E /* 3s.png */,
				608396191BEB0F1C00219F6E /* 3sh.png */,
				6083961A1BEB0F1C00219F6E /* 4h.png */,
				6083961B1BEB0F1C00219F6E /* 4hh.png */,
				6083961C1BEB0F1C00219F6E /* 5w.png */,
				6083961D1BEB0F1C00219F6E /* 5wh.png */,
			);
			name = Image;
			sourceTree = "<group>";
		};
		6083962E1BEB2AF600219F6E /* TableViewCell */ = {
			isa = PBXGroup;
			children = (
				6083962F1BEB2AFF00219F6E /* MRCTableViewCellStyleValue1.h */,
				608396301BEB2AFF00219F6E /* MRCTableViewCellStyleValue1.m */,
			);
			name = TableViewCell;
			sourceTree = "<group>";
		};
		608396481BEB83B100219F6E /* old */ = {
			isa = PBXGroup;
			children = (
			);
			name = old;
			sourceTree = "<group>";
		};
		60A5D0F41BE706860051A1EB /* Util */ = {
			isa = PBXGroup;
			children = (
				608396281BEB0F9400219F6E /* UIImage+MRCOcticons.h */,
				608396291BEB0F9400219F6E /* UIImage+MRCOcticons.m */,
				60A5D0F51BE706B90051A1EB /* CJRConstant.h */,
			);
			name = Util;
			sourceTree = "<group>";
		};
		60A5D0F61BE70D160051A1EB /* ViewModel */ = {
			isa = PBXGroup;
			children = (
				60A5D0F71BE70D1D0051A1EB /* BaseClass */,
			);
			name = ViewModel;
			sourceTree = "<group>";
		};
		60A5D0F71BE70D1D0051A1EB /* BaseClass */ = {
			isa = PBXGroup;
			children = (
				608396481BEB83B100219F6E /* old */,
				60A5D10C1BE73D3D0051A1EB /* MRCViewModelProtocol.h */,
				60A5D1161BE74C9C0051A1EB /* MRCViewModel.h */,
				60A5D1171BE74C9C0051A1EB /* MRCViewModel.m */,
				60A5D11C1BE756340051A1EB /* MRCTabBarViewModel.h */,
				60A5D11D1BE756340051A1EB /* MRCTabBarViewModel.m */,
				60A5D11F1BE756630051A1EB /* MRCHomepageViewModel.h */,
				60A5D1201BE756630051A1EB /* MRCHomepageViewModel.m */,
				60A5D1221BE757CF0051A1EB /* MRCTableViewModel.h */,
				60A5D1231BE757CF0051A1EB /* MRCTableViewModel.m */,
				60A5D1301BE77DE50051A1EB /* HomeViewModel.h */,
				60A5D1311BE77DE50051A1EB /* HomeViewModel.m */,
				608396331BEB2D8F00219F6E /* NormalViewModel.h */,
				608396341BEB2D8F00219F6E /* NormalViewModel.m */,
			);
			name = BaseClass;
			sourceTree = "<group>";
		};
		60A5D0F81BE70D2F0051A1EB /* Model */ = {
			isa = PBXGroup;
			children = (
				60A5D1151BE74C610051A1EB /* BaseClass */,
			);
			name = Model;
			sourceTree = "<group>";
		};
		60A5D10D1BE74AF20051A1EB /* View */ = {
			isa = PBXGroup;
			children = (
				6083962E1BEB2AF600219F6E /* TableViewCell */,
				6083960A1BEB0AC300219F6E /* TitleView */,
				60A5D1761BEAF3D40051A1EB /* ViewController */,
				60A5D10E1BE74AFD0051A1EB /* BaseClass */,
			);
			name = View;
			sourceTree = "<group>";
		};
		60A5D10E1BE74AFD0051A1EB /* BaseClass */ = {
			isa = PBXGroup;
			children = (
				60A5D1071BE739C40051A1EB /* MRCViewProtocol.h */,
				60A5D10F1BE74B180051A1EB /* MRCNavigationController.h */,
				60A5D1101BE74B180051A1EB /* MRCNavigationController.m */,
				60A5D1121BE74BBF0051A1EB /* MRCViewController.h */,
				60A5D1131BE74BBF0051A1EB /* MRCViewController.m */,
				60A5D1191BE751360051A1EB /* MRCTabBarController.h */,
				60A5D11A1BE751360051A1EB /* MRCTabBarController.m */,
				60A5D1801BEAF4C50051A1EB /* HomeViewController.h */,
				60A5D1811BEAF4C50051A1EB /* HomeViewController.m */,
			);
			name = BaseClass;
			sourceTree = "<group>";
		};
		60A5D1151BE74C610051A1EB /* BaseClass */ = {
			isa = PBXGroup;
			children = (
				60A5D15B1BE8E1F90051A1EB /* NewsModel.h */,
				60A5D15C1BE8E1F90051A1EB /* NewsModel.m */,
				60A5D15E1BE8E2480051A1EB /* NewsSubListModel.h */,
				60A5D15F1BE8E2480051A1EB /* NewsSubListModel.m */,
				60A5D1611BE8E5440051A1EB /* ModelObject.h */,
				60A5D1621BE8E5440051A1EB /* ModelObject.m */,
			);
			name = BaseClass;
			sourceTree = "<group>";
		};
		60A5D13D1BE793620051A1EB /* APPClient */ = {
			isa = PBXGroup;
			children = (
				60A5D13E1BE7937E0051A1EB /* APPClient */,
			);
			name = APPClient;
			sourceTree = "<group>";
		};
		60A5D13E1BE7937E0051A1EB /* APPClient */ = {
			isa = PBXGroup;
			children = (
				60A5D15A1BE8A1EE0051A1EB /* ConnectInterface.h */,
				60A5D1571BE896B40051A1EB /* APPClient.h */,
				60A5D1581BE896B40051A1EB /* APPClient.m */,
				60A5D1641BE9BC750051A1EB /* APPManager.h */,
				60A5D1651BE9BC750051A1EB /* APPManager.m */,
			);
			name = APPClient;
			sourceTree = "<group>";
		};
		60A5D1761BEAF3D40051A1EB /* ViewController */ = {
			isa = PBXGroup;
			children = (
				60A5D1771BEAF4150051A1EB /* NewsViewController.h */,
				60A5D1781BEAF4150051A1EB /* NewsViewController.m */,
				60A5D17A1BEAF4300051A1EB /* CategoryViewController.h */,
				60A5D17B1BEAF4300051A1EB /* CategoryViewController.m */,
				60A5D17D1BEAF4430051A1EB /* UserCenterViewController.h */,
				60A5D17E1BEAF4430051A1EB /* UserCenterViewController.m */,
				6083962B1BEB2A4F00219F6E /* MRCTableViewController.h */,
				6083962C1BEB2A4F00219F6E /* MRCTableViewController.m */,
			);
			name = ViewController;
			sourceTree = "<group>";
		};
/* End PBXGroup section */

/* Begin PBXNativeTarget section */
		6048852B1BDF273B008C8E7E /* ReactiveCocoaProject */ = {
			isa = PBXNativeTarget;
			buildConfigurationList = 604885591BDF273C008C8E7E /* Build configuration list for PBXNativeTarget "ReactiveCocoaProject" */;
			buildPhases = (
				8C87B8AFFB45E91552B38DF2 /* Check Pods Manifest.lock */,
				604885281BDF273B008C8E7E /* Sources */,
				604885291BDF273B008C8E7E /* Frameworks */,
				6048852A1BDF273B008C8E7E /* Resources */,
				2378596E32362B589FBAB205 /* Copy Pods Resources */,
			);
			buildRules = (
			);
			dependencies = (
			);
			name = ReactiveCocoaProject;
			productName = ReactiveCocoaProject;
			productReference = 6048852C1BDF273B008C8E7E /* ReactiveCocoaProject.app */;
			productType = "com.apple.product-type.application";
		};
		604885441BDF273C008C8E7E /* ReactiveCocoaProjectTests */ = {
			isa = PBXNativeTarget;
			buildConfigurationList = 6048855C1BDF273C008C8E7E /* Build configuration list for PBXNativeTarget "ReactiveCocoaProjectTests" */;
			buildPhases = (
				604885411BDF273C008C8E7E /* Sources */,
				604885421BDF273C008C8E7E /* Frameworks */,
				604885431BDF273C008C8E7E /* Resources */,
			);
			buildRules = (
			);
			dependencies = (
				604885471BDF273C008C8E7E /* PBXTargetDependency */,
			);
			name = ReactiveCocoaProjectTests;
			productName = ReactiveCocoaProjectTests;
			productReference = 604885451BDF273C008C8E7E /* ReactiveCocoaProjectTests.xctest */;
			productType = "com.apple.product-type.bundle.unit-test";
		};
		6048854F1BDF273C008C8E7E /* ReactiveCocoaProjectUITests */ = {
			isa = PBXNativeTarget;
			buildConfigurationList = 6048855F1BDF273C008C8E7E /* Build configuration list for PBXNativeTarget "ReactiveCocoaProjectUITests" */;
			buildPhases = (
				6048854C1BDF273C008C8E7E /* Sources */,
				6048854D1BDF273C008C8E7E /* Frameworks */,
				6048854E1BDF273C008C8E7E /* Resources */,
			);
			buildRules = (
			);
			dependencies = (
				604885521BDF273C008C8E7E /* PBXTargetDependency */,
			);
			name = ReactiveCocoaProjectUITests;
			productName = ReactiveCocoaProjectUITests;
			productReference = 604885501BDF273C008C8E7E /* ReactiveCocoaProjectUITests.xctest */;
			productType = "com.apple.product-type.bundle.ui-testing";
		};
/* End PBXNativeTarget section */

/* Begin PBXProject section */
		604885241BDF273B008C8E7E /* Project object */ = {
			isa = PBXProject;
			attributes = {
				LastUpgradeCheck = 0710;
				ORGANIZATIONNAME = biyabi;
				TargetAttributes = {
					6048852B1BDF273B008C8E7E = {
						CreatedOnToolsVersion = 7.1;
					};
					604885441BDF273C008C8E7E = {
						CreatedOnToolsVersion = 7.1;
						TestTargetID = 6048852B1BDF273B008C8E7E;
					};
					6048854F1BDF273C008C8E7E = {
						CreatedOnToolsVersion = 7.1;
						TestTargetID = 6048852B1BDF273B008C8E7E;
					};
				};
			};
			buildConfigurationList = 604885271BDF273B008C8E7E /* Build configuration list for PBXProject "ReactiveCocoaProject" */;
			compatibilityVersion = "Xcode 3.2";
			developmentRegion = English;
			hasScannedForEncodings = 0;
			knownRegions = (
				en,
				Base,
			);
			mainGroup = 604885231BDF273B008C8E7E;
			productRefGroup = 6048852D1BDF273B008C8E7E /* Products */;
			projectDirPath = "";
			projectRoot = "";
			targets = (
				6048852B1BDF273B008C8E7E /* ReactiveCocoaProject */,
				604885441BDF273C008C8E7E /* ReactiveCocoaProjectTests */,
				6048854F1BDF273C008C8E7E /* ReactiveCocoaProjectUITests */,
			);
		};
/* End PBXProject section */

/* Begin PBXResourcesBuildPhase section */
		6048852A1BDF273B008C8E7E /* Resources */ = {
			isa = PBXResourcesBuildPhase;
			buildActionMask = 2147483647;
			files = (
				608396271BEB0F1C00219F6E /* 5wh.png in Resources */,
				608396451BEB832400219F6E /* 我的09gray.png in Resources */,
				608396261BEB0F1C00219F6E /* 5w.png in Resources */,
				608396391BEB824400219F6E /* 首页09gray.png in Resources */,
				6083963A1BEB824400219F6E /* 首页09gray@2x.png in Resources */,
				608396221BEB0F1C00219F6E /* 3s.png in Resources */,
				608396421BEB832400219F6E /* 搜索09gray.png in Resources */,
				6083961E1BEB0F1C00219F6E /* 1z.png in Resources */,
				6048853F1BDF273C008C8E7E /* LaunchScreen.storyboard in Resources */,
				608396201BEB0F1C00219F6E /* 2s.png in Resources */,
				608396431BEB832400219F6E /* 搜索09gray@2x.png in Resources */,
				6083963B1BEB824400219F6E /* 首页09gray@3x.png in Resources */,
				608396121BEB0AEC00219F6E /* MRCLoadingTitleView.xib in Resources */,
				6083961F1BEB0F1C00219F6E /* 1zh.png in Resources */,
				608396251BEB0F1C00219F6E /* 4hh.png in Resources */,
				6048853C1BDF273C008C8E7E /* Assets.xcassets in Resources */,
				608396441BEB832400219F6E /* 搜索09gray@3x.png in Resources */,
				608396461BEB832400219F6E /* 我的09gray@2x.png in Resources */,
				6048853A1BDF273C008C8E7E /* Main.storyboard in Resources */,
				608396241BEB0F1C00219F6E /* 4h.png in Resources */,
				608396231BEB0F1C00219F6E /* 3sh.png in Resources */,
				608396471BEB832400219F6E /* 我的09gray@3x.png in Resources */,
				608396211BEB0F1C00219F6E /* 2sh.png in Resources */,
			);
			runOnlyForDeploymentPostprocessing = 0;
		};
		604885431BDF273C008C8E7E /* Resources */ = {
			isa = PBXResourcesBuildPhase;
			buildActionMask = 2147483647;
			files = (
			);
			runOnlyForDeploymentPostprocessing = 0;
		};
		6048854E1BDF273C008C8E7E /* Resources */ = {
			isa = PBXResourcesBuildPhase;
			buildActionMask = 2147483647;
			files = (
			);
			runOnlyForDeploymentPostprocessing = 0;
		};
/* End PBXResourcesBuildPhase section */

/* Begin PBXShellScriptBuildPhase section */
		2378596E32362B589FBAB205 /* Copy Pods Resources */ = {
			isa = PBXShellScriptBuildPhase;
			buildActionMask = 2147483647;
			files = (
			);
			inputPaths = (
			);
			name = "Copy Pods Resources";
			outputPaths = (
			);
			runOnlyForDeploymentPostprocessing = 0;
			shellPath = /bin/sh;
			shellScript = "\"${SRCROOT}/Pods/Target Support Files/Pods/Pods-resources.sh\"\n";
			showEnvVarsInLog = 0;
		};
		8C87B8AFFB45E91552B38DF2 /* Check Pods Manifest.lock */ = {
			isa = PBXShellScriptBuildPhase;
			buildActionMask = 2147483647;
			files = (
			);
			inputPaths = (
			);
			name = "Check Pods Manifest.lock";
			outputPaths = (
			);
			runOnlyForDeploymentPostprocessing = 0;
			shellPath = /bin/sh;
			shellScript = "diff \"${PODS_ROOT}/../Podfile.lock\" \"${PODS_ROOT}/Manifest.lock\" > /dev/null\nif [[ $? != 0 ]] ; then\n    cat << EOM\nerror: The sandbox is not in sync with the Podfile.lock. Run 'pod install' or update your CocoaPods installation.\nEOM\n    exit 1\nfi\n";
			showEnvVarsInLog = 0;
		};
/* End PBXShellScriptBuildPhase section */

/* Begin PBXSourcesBuildPhase section */
		604885281BDF273B008C8E7E /* Sources */ = {
			isa = PBXSourcesBuildPhase;
			buildActionMask = 2147483647;
			files = (
				60A5D1211BE756630051A1EB /* MRCHomepageViewModel.m in Sources */,
				60A5D17F1BEAF4430051A1EB /* UserCenterViewController.m in Sources */,
				604885371BDF273C008C8E7E /* ViewController.m in Sources */,
				60A5D11E1BE756340051A1EB /* MRCTabBarViewModel.m in Sources */,
				608396111BEB0AEC00219F6E /* MRCLoadingTitleView.m in Sources */,
				60A5D17C1BEAF4300051A1EB /* CategoryViewController.m in Sources */,
				60A5D15D1BE8E1F90051A1EB /* NewsModel.m in Sources */,
				60A5D1111BE74B180051A1EB /* MRCNavigationController.m in Sources */,
				608396351BEB2D8F00219F6E /* NormalViewModel.m in Sources */,
				60A5D1821BEAF4C50051A1EB /* HomeViewController.m in Sources */,
				60A5D1791BEAF4150051A1EB /* NewsViewController.m in Sources */,
				60A5D1591BE896B40051A1EB /* APPClient.m in Sources */,
				6083962A1BEB0F9400219F6E /* UIImage+MRCOcticons.m in Sources */,
				60A5D1181BE74C9C0051A1EB /* MRCViewModel.m in Sources */,
				604885341BDF273C008C8E7E /* AppDelegate.m in Sources */,
				60A5D1601BE8E2480051A1EB /* NewsSubListModel.m in Sources */,
				60A5D1631BE8E5440051A1EB /* ModelObject.m in Sources */,
				60A5D1321BE77DE50051A1EB /* HomeViewModel.m in Sources */,
				60A5D1661BE9BC750051A1EB /* APPManager.m in Sources */,
				608396311BEB2AFF00219F6E /* MRCTableViewCellStyleValue1.m in Sources */,
				604885311BDF273C008C8E7E /* main.m in Sources */,
				6083962D1BEB2A4F00219F6E /* MRCTableViewController.m in Sources */,
				60A5D11B1BE751360051A1EB /* MRCTabBarController.m in Sources */,
				60A5D1141BE74BBF0051A1EB /* MRCViewController.m in Sources */,
				60A5D1241BE757CF0051A1EB /* MRCTableViewModel.m in Sources */,
			);
			runOnlyForDeploymentPostprocessing = 0;
		};
		604885411BDF273C008C8E7E /* Sources */ = {
			isa = PBXSourcesBuildPhase;
			buildActionMask = 2147483647;
			files = (
				6048854A1BDF273C008C8E7E /* ReactiveCocoaProjectTests.m in Sources */,
			);
			runOnlyForDeploymentPostprocessing = 0;
		};
		6048854C1BDF273C008C8E7E /* Sources */ = {
			isa = PBXSourcesBuildPhase;
			buildActionMask = 2147483647;
			files = (
				604885551BDF273C008C8E7E /* ReactiveCocoaProjectUITests.m in Sources */,
			);
			runOnlyForDeploymentPostprocessing = 0;
		};
/* End PBXSourcesBuildPhase section */

/* Begin PBXTargetDependency section */
		604885471BDF273C008C8E7E /* PBXTargetDependency */ = {
			isa = PBXTargetDependency;
			target = 6048852B1BDF273B008C8E7E /* ReactiveCocoaProject */;
			targetProxy = 604885461BDF273C008C8E7E /* PBXContainerItemProxy */;
		};
		604885521BDF273C008C8E7E /* PBXTargetDependency */ = {
			isa = PBXTargetDependency;
			target = 6048852B1BDF273B008C8E7E /* ReactiveCocoaProject */;
			targetProxy = 604885511BDF273C008C8E7E /* PBXContainerItemProxy */;
		};
/* End PBXTargetDependency section */

/* Begin PBXVariantGroup section */
		604885381BDF273C008C8E7E /* Main.storyboard */ = {
			isa = PBXVariantGroup;
			children = (
				604885391BDF273C008C8E7E /* Base */,
			);
			name = Main.storyboard;
			sourceTree = "<group>";
		};
		6048853D1BDF273C008C8E7E /* LaunchScreen.storyboard */ = {
			isa = PBXVariantGroup;
			children = (
				6048853E1BDF273C008C8E7E /* Base */,
			);
			name = LaunchScreen.storyboard;
			sourceTree = "<group>";
		};
/* End PBXVariantGroup section */

/* Begin XCBuildConfiguration section */
		604885571BDF273C008C8E7E /* Debug */ = {
			isa = XCBuildConfiguration;
			buildSettings = {
				ALWAYS_SEARCH_USER_PATHS = NO;
				CLANG_CXX_LANGUAGE_STANDARD = "gnu++0x";
				CLANG_CXX_LIBRARY = "libc++";
				CLANG_ENABLE_MODULES = YES;
				CLANG_ENABLE_OBJC_ARC = YES;
				CLANG_WARN_BOOL_CONVERSION = YES;
				CLANG_WARN_CONSTANT_CONVERSION = YES;
				CLANG_WARN_DIRECT_OBJC_ISA_USAGE = YES_ERROR;
				CLANG_WARN_EMPTY_BODY = YES;
				CLANG_WARN_ENUM_CONVERSION = YES;
				CLANG_WARN_INT_CONVERSION = YES;
				CLANG_WARN_OBJC_ROOT_CLASS = YES_ERROR;
				CLANG_WARN_UNREACHABLE_CODE = YES;
				CLANG_WARN__DUPLICATE_METHOD_MATCH = YES;
				"CODE_SIGN_IDENTITY[sdk=iphoneos*]" = "iPhone Developer";
				COPY_PHASE_STRIP = NO;
				DEBUG_INFORMATION_FORMAT = dwarf;
				ENABLE_STRICT_OBJC_MSGSEND = YES;
				ENABLE_TESTABILITY = YES;
				GCC_C_LANGUAGE_STANDARD = gnu99;
				GCC_DYNAMIC_NO_PIC = NO;
				GCC_NO_COMMON_BLOCKS = YES;
				GCC_OPTIMIZATION_LEVEL = 0;
				GCC_PREPROCESSOR_DEFINITIONS = (
					"DEBUG=1",
					"$(inherited)",
				);
				GCC_WARN_64_TO_32_BIT_CONVERSION = YES;
				GCC_WARN_ABOUT_RETURN_TYPE = YES_ERROR;
				GCC_WARN_UNDECLARED_SELECTOR = YES;
				GCC_WARN_UNINITIALIZED_AUTOS = YES_AGGRESSIVE;
				GCC_WARN_UNUSED_FUNCTION = YES;
				GCC_WARN_UNUSED_VARIABLE = YES;
				IPHONEOS_DEPLOYMENT_TARGET = 9.1;
				MTL_ENABLE_DEBUG_INFO = YES;
				ONLY_ACTIVE_ARCH = YES;
				SDKROOT = iphoneos;
				TARGETED_DEVICE_FAMILY = "1,2";
			};
			name = Debug;
		};
		604885581BDF273C008C8E7E /* Release */ = {
			isa = XCBuildConfiguration;
			buildSettings = {
				ALWAYS_SEARCH_USER_PATHS = NO;
				CLANG_CXX_LANGUAGE_STANDARD = "gnu++0x";
				CLANG_CXX_LIBRARY = "libc++";
				CLANG_ENABLE_MODULES = YES;
				CLANG_ENABLE_OBJC_ARC = YES;
				CLANG_WARN_BOOL_CONVERSION = YES;
				CLANG_WARN_CONSTANT_CONVERSION = YES;
				CLANG_WARN_DIRECT_OBJC_ISA_USAGE = YES_ERROR;
				CLANG_WARN_EMPTY_BODY = YES;
				CLANG_WARN_ENUM_CONVERSION = YES;
				CLANG_WARN_INT_CONVERSION = YES;
				CLANG_WARN_OBJC_ROOT_CLASS = YES_ERROR;
				CLANG_WARN_UNREACHABLE_CODE = YES;
				CLANG_WARN__DUPLICATE_METHOD_MATCH = YES;
				"CODE_SIGN_IDENTITY[sdk=iphoneos*]" = "iPhone Developer";
				COPY_PHASE_STRIP = NO;
				DEBUG_INFORMATION_FORMAT = "dwarf-with-dsym";
				ENABLE_NS_ASSERTIONS = NO;
				ENABLE_STRICT_OBJC_MSGSEND = YES;
				GCC_C_LANGUAGE_STANDARD = gnu99;
				GCC_NO_COMMON_BLOCKS = YES;
				GCC_WARN_64_TO_32_BIT_CONVERSION = YES;
				GCC_WARN_ABOUT_RETURN_TYPE = YES_ERROR;
				GCC_WARN_UNDECLARED_SELECTOR = YES;
				GCC_WARN_UNINITIALIZED_AUTOS = YES_AGGRESSIVE;
				GCC_WARN_UNUSED_FUNCTION = YES;
				GCC_WARN_UNUSED_VARIABLE = YES;
				IPHONEOS_DEPLOYMENT_TARGET = 9.1;
				MTL_ENABLE_DEBUG_INFO = NO;
				SDKROOT = iphoneos;
				TARGETED_DEVICE_FAMILY = "1,2";
				VALIDATE_PRODUCT = YES;
			};
			name = Release;
		};
		6048855A1BDF273C008C8E7E /* Debug */ = {
			isa = XCBuildConfiguration;
			baseConfigurationReference = 56CB6A1E772E95C87207B9AD /* Pods.debug.xcconfig */;
			buildSettings = {
				ASSETCATALOG_COMPILER_APPICON_NAME = AppIcon;
				GCC_PREFIX_HEADER = ReactiveCocoaProject/RecctiveCocoaProjectPrefixHeader.pch;
				INFOPLIST_FILE = ReactiveCocoaProject/Info.plist;
				IPHONEOS_DEPLOYMENT_TARGET = 7.0;
				LD_RUNPATH_SEARCH_PATHS = "$(inherited) @executable_path/Frameworks";
				PRODUCT_BUNDLE_IDENTIFIER = com.caijunrong.ReactiveCocoaProject;
				PRODUCT_NAME = "$(TARGET_NAME)";
			};
			name = Debug;
		};
		6048855B1BDF273C008C8E7E /* Release */ = {
			isa = XCBuildConfiguration;
			baseConfigurationReference = 8A059895FCC4B3A634353EA8 /* Pods.release.xcconfig */;
			buildSettings = {
				ASSETCATALOG_COMPILER_APPICON_NAME = AppIcon;
				GCC_PREFIX_HEADER = ReactiveCocoaProject/RecctiveCocoaProjectPrefixHeader.pch;
				INFOPLIST_FILE = ReactiveCocoaProject/Info.plist;
				IPHONEOS_DEPLOYMENT_TARGET = 7.0;
				LD_RUNPATH_SEARCH_PATHS = "$(inherited) @executable_path/Frameworks";
				PRODUCT_BUNDLE_IDENTIFIER = com.caijunrong.ReactiveCocoaProject;
				PRODUCT_NAME = "$(TARGET_NAME)";
			};
			name = Release;
		};
		6048855D1BDF273C008C8E7E /* Debug */ = {
			isa = XCBuildConfiguration;
			buildSettings = {
				BUNDLE_LOADER = "$(TEST_HOST)";
				INFOPLIST_FILE = ReactiveCocoaProjectTests/Info.plist;
				LD_RUNPATH_SEARCH_PATHS = "$(inherited) @executable_path/Frameworks @loader_path/Frameworks";
				PRODUCT_BUNDLE_IDENTIFIER = com.caijunrong.ReactiveCocoaProjectTests;
				PRODUCT_NAME = "$(TARGET_NAME)";
				TEST_HOST = "$(BUILT_PRODUCTS_DIR)/ReactiveCocoaProject.app/ReactiveCocoaProject";
			};
			name = Debug;
		};
		6048855E1BDF273C008C8E7E /* Release */ = {
			isa = XCBuildConfiguration;
			buildSettings = {
				BUNDLE_LOADER = "$(TEST_HOST)";
				INFOPLIST_FILE = ReactiveCocoaProjectTests/Info.plist;
				LD_RUNPATH_SEARCH_PATHS = "$(inherited) @executable_path/Frameworks @loader_path/Frameworks";
				PRODUCT_BUNDLE_IDENTIFIER = com.caijunrong.ReactiveCocoaProjectTests;
				PRODUCT_NAME = "$(TARGET_NAME)";
				TEST_HOST = "$(BUILT_PRODUCTS_DIR)/ReactiveCocoaProject.app/ReactiveCocoaProject";
			};
			name = Release;
		};
		604885601BDF273C008C8E7E /* Debug */ = {
			isa = XCBuildConfiguration;
			buildSettings = {
				INFOPLIST_FILE = ReactiveCocoaProjectUITests/Info.plist;
				LD_RUNPATH_SEARCH_PATHS = "$(inherited) @executable_path/Frameworks @loader_path/Frameworks";
				PRODUCT_BUNDLE_IDENTIFIER = com.caijunrong.ReactiveCocoaProjectUITests;
				PRODUCT_NAME = "$(TARGET_NAME)";
				TEST_TARGET_NAME = ReactiveCocoaProject;
				USES_XCTRUNNER = YES;
			};
			name = Debug;
		};
		604885611BDF273C008C8E7E /* Release */ = {
			isa = XCBuildConfiguration;
			buildSettings = {
				INFOPLIST_FILE = ReactiveCocoaProjectUITests/Info.plist;
				LD_RUNPATH_SEARCH_PATHS = "$(inherited) @executable_path/Frameworks @loader_path/Frameworks";
				PRODUCT_BUNDLE_IDENTIFIER = com.caijunrong.ReactiveCocoaProjectUITests;
				PRODUCT_NAME = "$(TARGET_NAME)";
				TEST_TARGET_NAME = ReactiveCocoaProject;
				USES_XCTRUNNER = YES;
			};
			name = Release;
		};
/* End XCBuildConfiguration section */

/* Begin XCConfigurationList section */
		604885271BDF273B008C8E7E /* Build configuration list for PBXProject "ReactiveCocoaProject" */ = {
			isa = XCConfigurationList;
			buildConfigurations = (
				604885571BDF273C008C8E7E /* Debug */,
				604885581BDF273C008C8E7E /* Release */,
			);
			defaultConfigurationIsVisible = 0;
			defaultConfigurationName = Release;
		};
		604885591BDF273C008C8E7E /* Build configuration list for PBXNativeTarget "ReactiveCocoaProject" */ = {
			isa = XCConfigurationList;
			buildConfigurations = (
				6048855A1BDF273C008C8E7E /* Debug */,
				6048855B1BDF273C008C8E7E /* Release */,
			);
			defaultConfigurationIsVisible = 0;
			defaultConfigurationName = Release;
		};
		6048855C1BDF273C008C8E7E /* Build configuration list for PBXNativeTarget "ReactiveCocoaProjectTests" */ = {
			isa = XCConfigurationList;
			buildConfigurations = (
				6048855D1BDF273C008C8E7E /* Debug */,
				6048855E1BDF273C008C8E7E /* Release */,
			);
			defaultConfigurationIsVisible = 0;
			defaultConfigurationName = Release;
		};
		6048855F1BDF273C008C8E7E /* Build configuration list for PBXNativeTarget "ReactiveCocoaProjectUITests" */ = {
			isa = XCConfigurationList;
			buildConfigurations = (
				604885601BDF273C008C8E7E /* Debug */,
				604885611BDF273C008C8E7E /* Release */,
			);
			defaultConfigurationIsVisible = 0;
			defaultConfigurationName = Release;
		};
/* End XCConfigurationList section */
	};
	rootObject = 604885241BDF273B008C8E7E /* Project object */;
}
